{
    "_readme": [
        "This file locks the dependencies of your project to a known state",
        "Read more about it at https://getcomposer.org/doc/01-basic-usage.md#installing-dependencies",
        "This file is @generated automatically"
    ],
    "content-hash": "1b52b36e1960d7e44d8f9daa72f092b3",
    "packages": [
        {
            "name": "plastonick/fpl-api",
            "version": "dev-master",
            "source": {
                "type": "git",
                "url": "https://github.com/Plastonick/FPL-API.git",
                "reference": "db97489f375e0ab0350cfccfc46c5048adb674c0"
            },
            "dist": {
                "type": "zip",
                "url": "https://api.github.com/repos/Plastonick/FPL-API/zipball/db97489f375e0ab0350cfccfc46c5048adb674c0",
                "reference": "db97489f375e0ab0350cfccfc46c5048adb674c0",
                "shasum": ""
            },
            "require": {
                "ext-curl": "*",
                "ext-json": "*",
                "php": ">=7.1.0"
            },
            "type": "library",
            "autoload": {
                "psr-4": {
                    "FPL\\": "src/"
                }
            },
            "notification-url": "https://packagist.org/downloads/",
            "description": "A PHP OOP wrapper for FPL API",
            "time": "2019-04-09T05:47:34+00:00"
        }
    ],
    "packages-dev": [],
    "aliases": [],
    "minimum-stability": "dev",
    "stability-flags": [],
    "prefer-stable": true,
    "prefer-lowest": false,
    "platform": [],
    "platform-dev": []
}
